
Microsoft Visual Studio Solution File, Format Version 12.00
# Visual Studio 15
VisualStudioVersion = 15.0.28307.572
MinimumVisualStudioVersion = 10.0.40219.1
Project("{FAE04EC0-301F-11D3-BF4B-00C04F79EFBC}") = "Laundry", "Loginform\Laundry.csproj", "{B691CA12-4A1F-4B98-A057-DEC621E539D4}"
EndProject
Global
	GlobalSection(SolutionConfigurationPlatforms) = preSolution
		Debug|Any CPU = Debug|Any CPU
		Release|Any CPU = Release|Any CPU
	EndGlobalSection
	GlobalSection(ProjectConfigurationPlatforms) = postSolution
		{B691CA12-4A1F-4B98-A057-DEC621E539D4}.Debug|Any CPU.ActiveCfg = Debug|Any CPU
		{B691CA12-4A1F-4B98-A057-DEC621E539D4}.Debug|Any CPU.Build.0 = Debug|Any CPU
		{B691CA12-4A1F-4B98-A057-DEC621E539D4}.Release|Any CPU.ActiveCfg = Release|Any CPU
		{B691CA12-4A1F-4B98-A057-DEC621E539D4}.Release|Any CPU.Build.0 = Release|Any CPU
	EndGlobalSection
	GlobalSection(SolutionProperties) = preSolution
		HideSolutionNode = FALSE
	EndGlobalSection
	GlobalSection(ExtensibilityGlobals) = postSolution
		SolutionGuid = {707E52BD-17A8-4EBC-A332-1BEEC4316AB4}
	EndGlobalSection
EndGlobal
